<Solution>
  <Folder Name="/Task0/">
    <Project Path="Tyuiu.ZalyaletdinovDE.Sprint1.Task0.V4.Lib/Tyuiu.ZalyaletdinovDE.Sprint1.Task0.V4.Lib.csproj" />
    <Project Path="Tyuiu.ZalyaletdinovDE.Sprint1.Task0.V4.Test/Tyuiu.ZalyaletdinovDE.Sprint1.Task0.V4.Test.csproj" />
    <Project Path="Tyuiu.ZalyaletdinovDE.Sprint1.Task0.V4/Tyuiu.ZalyaletdinovDE.Sprint1.Task0.V4.csproj" />
  </Folder>
  <Folder Name="/Task1/">
    <Project Path="Tyuiu.ZalyaletdinovDE.Sprint1.Task1.V0.Lib/Tyuiu.ZalyaletdinovDE.Sprint1.Task1.V0.Lib.csproj" />
    <Project Path="Tyuiu.ZalyaletdinovDE.Sprint1.Task1.V0.Test/Tyuiu.ZalyaletdinovDE.Sprint1.Task1.V0.Test.csproj" />
    <Project Path="Tyuiu.ZalyaletdinovDE.Sprint1.Task1.V0/Tyuiu.ZalyaletdinovDE.Sprint1.Task1.V0.csproj" />
    <Project Path="Tyuiu.ZalyaletdinovDE.Sprint1.Task1.V27.Lib/Tyuiu.ZalyaletdinovDE.Sprint1.Task1.V27.Lib.csproj" />
    <Project Path="Tyuiu.ZalyaletdinovDE.Sprint1.Task1.V27.Test/Tyuiu.ZalyaletdinovDE.Sprint1.Task1.V27.Test.csproj" Id="066459e8-104b-4d4b-9b8d-19f666667dbb" />
    <Project Path="Tyuiu.ZalyaletdinovDE.Sprint1.Task1.V27/Tyuiu.ZalyaletdinovDE.Sprint1.Task1.V27.csproj" Id="bf02c79f-2265-4e68-808b-f299db02e901" />
  </Folder>
  <Folder Name="/Task2/">
    <Project Path="Tyuiu.ZalyaletdinovDE.Sprint1.Task2.V0.Lib/Tyuiu.ZalyaletdinovDE.Sprint1.Task2.V0.Lib.csproj" Id="e725adf0-7541-4865-a858-e3511e78aa1e" />
    <Project Path="Tyuiu.ZalyaletdinovDE.Sprint1.Task2.V0.Test/Tyuiu.ZalyaletdinovDE.Sprint1.Task2.V0.Test.csproj" Id="af76b7f4-12f0-4c50-91d8-9cb78de69c29" />
    <Project Path="Tyuiu.ZalyaletdinovDE.Sprint1.Task2.V0/Tyuiu.ZalyaletdinovDE.Sprint1.Task2.V0.csproj" Id="54429e10-938f-454f-9ed2-1183fcab4feb" />
    <Project Path="Tyuiu.ZalyaletdinovDE.Sprint1.Task2.V25.Lib/Tyuiu.ZalyaletdinovDE.Sprint1.Task2.V25.Lib.csproj" Id="3a80ea26-e005-4a4c-92db-a080cf1bfe19" />
    <Project Path="Tyuiu.ZalyaletdinovDE.Sprint1.Task2.V25.Test/Tyuiu.ZalyaletdinovDE.Sprint1.Task2.V25.Test.csproj" Id="6db1bbe2-7dce-4846-9c6d-508ec35f4c7b" />
    <Project Path="Tyuiu.ZalyaletdinovDE.Sprint1.Task2.V25/Tyuiu.ZalyaletdinovDE.Sprint1.Task2.V25.csproj" Id="27415198-6cf0-4749-83b9-200ad4372060" />
  </Folder>
  <Folder Name="/Task3/">
    <Project Path="Tyuiu.ZalyaletdinovDE.Sprint1.Task3.V0.Lib/Tyuiu.ZalyaletdinovDE.Sprint1.Task3.V0.Lib.csproj" Id="ea8fb126-ae45-4066-ae0a-a9bd05b5a753" />
    <Project Path="Tyuiu.ZalyaletdinovDE.Sprint1.Task3.V0.Test/Tyuiu.ZalyaletdinovDE.Sprint1.Task3.V0.Test.csproj" Id="e1efe24a-154a-473e-afe6-30b3fc02502f" />
    <Project Path="Tyuiu.ZalyaletdinovDE.Sprint1.Task3.V0/Tyuiu.ZalyaletdinovDE.Sprint1.Task3.V0.csproj" Id="5af54a39-6cad-4068-a187-afb3e04969fe" />
    <Project Path="Tyuiu.ZalyaletdinovDE.Sprint1.Task3.V11.Lib/Tyuiu.ZalyaletdinovDE.Sprint1.Task3.V11.Lib.csproj" Id="d6bab2f3-6693-4db1-ac89-6472c544c018" />
    <Project Path="Tyuiu.ZalyaletdinovDE.Sprint1.Task3.V11.Test/Tyuiu.ZalyaletdinovDE.Sprint1.Task3.V11.Test.csproj" Id="e2e59559-cb5d-42d7-9151-bedd872ae1b5" />
    <Project Path="Tyuiu.ZalyaletdinovDE.Sprint1.Task3.V11/Tyuiu.ZalyaletdinovDE.Sprint1.Task3.V11.csproj" Id="06778716-730c-441a-9ab5-f8c2cc3d557e" />
  </Folder>
  <Folder Name="/Task4/">
    <Project Path="Tyuiu.ZalyaletdinovDE.Sprint1.Task4.V0.Lib/Tyuiu.ZalyaletdinovDE.Sprint1.Task4.V0.Lib.csproj" Id="f1d5b71c-34b8-434b-b7a7-8f5f684d2fd7" />
    <Project Path="Tyuiu.ZalyaletdinovDE.Sprint1.Task4.V0.Test/Tyuiu.ZalyaletdinovDE.Sprint1.Task4.V0.Test.csproj" Id="5fa851c6-ed8b-49de-bcc9-b2caf2e30c42" />
    <Project Path="Tyuiu.ZalyaletdinovDE.Sprint1.Task4.V0/Tyuiu.ZalyaletdinovDE.Sprint1.Task4.V0.csproj" Id="b8090053-34c0-4ad4-912e-abdfe31b86e7" />
    <Project Path="Tyuiu.ZalyaletdinovDE.Sprint1.Task4.V10.Lib/Tyuiu.ZalyaletdinovDE.Sprint1.Task4.V10.Lib.csproj" Id="37e54692-79e3-4ad8-9881-d9f5fbffeafc" />
    <Project Path="Tyuiu.ZalyaletdinovDE.Sprint1.Task4.V10.Test/Tyuiu.ZalyaletdinovDE.Sprint1.Task4.V10.Test.csproj" Id="5e5b94d4-8890-4af5-b30d-a91e2e6283f6" />
    <Project Path="Tyuiu.ZalyaletdinovDE.Sprint1.Task4.V10/Tyuiu.ZalyaletdinovDE.Sprint1.Task4.V10.csproj" Id="6e54ea98-7644-4ada-bea1-2b604af34eac" />
  </Folder>
  <Folder Name="/Task5/">
    <Project Path="Tyuiu.ZalyaletdinovDE.Sprint1.Task5.V0.Lib/Tyuiu.ZalyaletdinovDE.Sprint1.Task5.V0.Lib.csproj" Id="d2fdde0e-2ebf-44f8-aa2d-bc177937e6f3" />
    <Project Path="Tyuiu.ZalyaletdinovDE.Sprint1.Task5.V0.Test/Tyuiu.ZalyaletdinovDE.Sprint1.Task5.V0.Test.csproj" Id="e7cc7696-37c1-47e8-a794-4f34ca5ca072" />
    <Project Path="Tyuiu.ZalyaletdinovDE.Sprint1.Task5.V0/Tyuiu.ZalyaletdinovDE.Sprint1.Task5.V0.csproj" Id="57dfb0d9-ef2d-4e95-b080-53081501f6cc" />
    <Project Path="Tyuiu.ZalyaletdinovDE.Sprint1.Task5.V1.Lib/Tyuiu.ZalyaletdinovDE.Sprint1.Task5.V1.Lib.csproj" Id="98f5a311-6b15-4e54-887f-d7276bb0154d" />
    <Project Path="Tyuiu.ZalyaletdinovDE.Sprint1.Task5.V1.Test/Tyuiu.ZalyaletdinovDE.Sprint1.Task5.V1.Test.csproj" Id="483cca74-39a2-43ee-ab88-42462628cd62" />
    <Project Path="Tyuiu.ZalyaletdinovDE.Sprint1.Task5.V1/Tyuiu.ZalyaletdinovDE.Sprint1.Task5.V1.csproj" Id="60884617-8fbd-41b3-80ae-ca52cff2285f" />
  </Folder>
</Solution>
